{
  "nodes": {
    "flake-utils": {
      "inputs": {
        "systems": "systems"
      },
      "locked": {
        "lastModified": 1687709756,
        "narHash": "sha256-Y5wKlQSkgEK2weWdOu4J3riRd+kV/VCgHsqLNTTWQ/0=",
        "owner": "numtide",
        "repo": "flake-utils",
        "rev": "dbabf0ca0c0c4bce6ea5eaf65af5cb694d2082c7",
        "type": "github"
      },
      "original": {
        "owner": "numtide",
        "repo": "flake-utils",
        "type": "github"
      }
    },
    "nixpkgs": {
      "locked": {
        "lastModified": 1689008574,
        "narHash": "sha256-VFMgyHDiqsGDkRg73alv6OdHJAqhybryWHv77bSCGIw=",
        "owner": "NixOS",
        "repo": "nixpkgs",
        "rev": "4a729ce4b1fe5ec4fffc71c67c96aa5184ebb462",
        "type": "github"
      },
      "original": {
        "owner": "NixOS",
        "ref": "nixos-unstable",
        "repo": "nixpkgs",
        "type": "github"
      }
    },
    "root": {
      "inputs": {
        "nixpkgs": "nixpkgs",
        "secrets": "secrets",
        "skye-config": "skye-config",
        "system-common": "system-common",
        "tshock": "tshock"
      }
    },
    "secrets": {
      "flake": false,
      "locked": {
        "lastModified": 1676587678,
        "narHash": "sha256-oexfpfgsstt243lzJ5xGWRuU6kW8apj/hDg6u+ROekc=",
        "ref": "refs/heads/main",
        "rev": "abc98db3d03dda6749ea78acae148725d4f02bc7",
        "revCount": 1,
        "type": "git",
        "url": "file:///home/skye/secrets/"
      },
      "original": {
        "type": "git",
        "url": "file:///home/skye/secrets/"
      }
    },
    "skye-config": {
      "flake": false,
      "locked": {
        "lastModified": 1684600305,
        "narHash": "sha256-XITgFdcuRtIVSCabnDDVmEPIu6nKprRoAU0P4p9k2L4=",
        "path": "/home/skye/.config/nixpkgs",
        "type": "path"
      },
      "original": {
        "path": "/home/skye/.config/nixpkgs",
        "type": "path"
      }
    },
    "system-common": {
      "flake": false,
      "locked": {
        "lastModified": 1626631987,
        "narHash": "sha256-QaKjNZ1d0ZAxwQ2T0/mpGV7KGr6lTJ2ojnlxEopXdNo=",
        "ref": "refs/heads/main",
        "rev": "d873acd3e73a52504a7f6d25f7bf790ad272cf83",
        "revCount": 4,
        "type": "git",
        "url": "ssh://git@github.com/mildlyfunctionalgays/system-common"
      },
      "original": {
        "type": "git",
        "url": "ssh://git@github.com/mildlyfunctionalgays/system-common"
      }
    },
    "systems": {
      "locked": {
        "lastModified": 1681028828,
        "narHash": "sha256-Vy1rq5AaRuLzOxct8nz4T6wlgyUR7zLU309k9mBC768=",
        "owner": "nix-systems",
        "repo": "default",
        "rev": "da67096a3b9bf56a91d16901293e51ba5b49a27e",
        "type": "github"
      },
      "original": {
        "owner": "nix-systems",
        "repo": "default",
        "type": "github"
      }
    },
    "tshock": {
      "inputs": {
        "flake-utils": "flake-utils",
        "nixpkgs": [
          "nixpkgs"
        ]
      },
      "locked": {
        "lastModified": 1689114516,
        "narHash": "sha256-/2sYSTsruZiFjOypPiebAKi3jQPH+jGc4kNDxZ+e7yg=",
        "owner": "sky1e",
        "repo": "tshock-flake",
        "rev": "38ed2b09ad4ebb98374c7df513ad4b23da25e0bf",
        "type": "github"
      },
      "original": {
        "owner": "sky1e",
        "repo": "tshock-flake",
        "type": "github"
      }
    }
  },
  "root": "root",
  "version": 7
}
