{
  "nodes": {
    "flake-compat": {
      "flake": false,
      "locked": {
        "lastModified": 1673956053,
        "narHash": "sha256-4gtG9iQuiKITOjNQQeQIpoIB6b16fm+504Ch3sNKLd8=",
        "owner": "edolstra",
        "repo": "flake-compat",
        "rev": "35bb57c0c8d8b62bbfd284272c928ceb64ddbde9",
        "type": "github"
      },
      "original": {
        "owner": "edolstra",
        "repo": "flake-compat",
        "type": "github"
      }
    },
    "flake-utils": {
      "inputs": {
        "systems": "systems"
      },
      "locked": {
        "lastModified": 1731533236,
        "narHash": "sha256-l0KFg5HjrsfsO/JpG+r7fRrqm12kzFHyUHqHCVpMMbI=",
        "owner": "numtide",
        "repo": "flake-utils",
        "rev": "11707dc2f618dd54ca8739b309ec4fc024de578b",
        "type": "github"
      },
      "original": {
        "owner": "numtide",
        "repo": "flake-utils",
        "type": "github"
      }
    },
    "flake-utils_2": {
      "inputs": {
        "systems": "systems_2"
      },
      "locked": {
        "lastModified": 1681202837,
        "narHash": "sha256-H+Rh19JDwRtpVPAWp64F+rlEtxUWBAQW28eAi3SRSzg=",
        "owner": "numtide",
        "repo": "flake-utils",
        "rev": "cfacdce06f30d2b68473a46042957675eebb3401",
        "type": "github"
      },
      "original": {
        "owner": "numtide",
        "repo": "flake-utils",
        "type": "github"
      }
    },
    "flakey-profile": {
      "locked": {
        "lastModified": 1712898590,
        "narHash": "sha256-FhGIEU93VHAChKEXx905TSiPZKga69bWl1VB37FK//I=",
        "owner": "lf-",
        "repo": "flakey-profile",
        "rev": "243c903fd8eadc0f63d205665a92d4df91d42d9d",
        "type": "github"
      },
      "original": {
        "owner": "lf-",
        "repo": "flakey-profile",
        "type": "github"
      }
    },
    "lix": {
      "flake": false,
      "locked": {
        "lastModified": 1738174211,
        "narHash": "sha256-eYmp1mKM4kULV1W+EBtCPk6LmKWl2REivaYfGRl+AWo=",
        "rev": "64e33a7e09a0d1faacf2fd3f6ebd647fe4d8346a",
        "type": "tarball",
        "url": "https://git.lix.systems/api/v1/repos/lix-project/lix/archive/64e33a7e09a0d1faacf2fd3f6ebd647fe4d8346a.tar.gz?rev=64e33a7e09a0d1faacf2fd3f6ebd647fe4d8346a"
      },
      "original": {
        "type": "tarball",
        "url": "https://git.lix.systems/lix-project/lix/archive/main.tar.gz"
      }
    },
    "lix-module": {
      "inputs": {
        "flake-utils": "flake-utils",
        "flakey-profile": "flakey-profile",
        "lix": "lix",
        "nixpkgs": [
          "nixpkgs"
        ]
      },
      "locked": {
        "lastModified": 1738176840,
        "narHash": "sha256-NG3IRvRs3u3btVCN861FqHvgOwqcNT/Oy6PBG86F5/E=",
        "ref": "refs/heads/main",
        "rev": "621aae0f3cceaffa6d73a4fb0f89c08d338d729e",
        "revCount": 133,
        "type": "git",
        "url": "https://git.lix.systems/lix-project/nixos-module.git"
      },
      "original": {
        "type": "git",
        "url": "https://git.lix.systems/lix-project/nixos-module.git"
      }
    },
    "nix-vscode-extensions": {
      "inputs": {
        "flake-compat": "flake-compat",
        "flake-utils": "flake-utils_2",
        "nixpkgs": [
          "skye-config",
          "nixpkgs"
        ]
      },
      "locked": {
        "lastModified": 1706145905,
        "narHash": "sha256-zABEBEl2Nn7Ea0CyqNvc+gOboN8M9RXNOI2Qeamx0WY=",
        "owner": "nix-community",
        "repo": "nix-vscode-extensions",
        "rev": "272df61ec787306e2c5c777ff84fbe5ed2a3eb10",
        "type": "github"
      },
      "original": {
        "owner": "nix-community",
        "repo": "nix-vscode-extensions",
        "type": "github"
      }
    },
    "nixos-hardware": {
      "locked": {
        "lastModified": 1741325094,
        "narHash": "sha256-RUAdT8dZ6k/486vnu3tiNRrNW6+Q8uSD2Mq7gTX4jlo=",
        "owner": "NixOS",
        "repo": "nixos-hardware",
        "rev": "b48cc4dab0f9711af296fc367b6108cf7b8ccb16",
        "type": "github"
      },
      "original": {
        "owner": "NixOS",
        "repo": "nixos-hardware",
        "type": "github"
      }
    },
    "nixpkgs": {
      "locked": {
        "lastModified": 1741513245,
        "narHash": "sha256-7rTAMNTY1xoBwz0h7ZMtEcd8LELk9R5TzBPoHuhNSCk=",
        "owner": "NixOS",
        "repo": "nixpkgs",
        "rev": "e3e32b642a31e6714ec1b712de8c91a3352ce7e1",
        "type": "github"
      },
      "original": {
        "owner": "NixOS",
        "ref": "nixos-unstable",
        "repo": "nixpkgs",
        "type": "github"
      }
    },
    "nixpkgs-master": {
      "locked": {
        "lastModified": 1741715948,
        "narHash": "sha256-ACYvF8Wsm9QcMZg5wwaHUWNXuMJh3807vOPEY2Xbfzk=",
        "owner": "NixOS",
        "repo": "nixpkgs",
        "rev": "e735fed7a74a9b7a3c23b4a372c8b8f41cd4817c",
        "type": "github"
      },
      "original": {
        "owner": "NixOS",
        "ref": "master",
        "repo": "nixpkgs",
        "type": "github"
      }
    },
    "root": {
      "inputs": {
        "lix-module": "lix-module",
        "nixos-hardware": "nixos-hardware",
        "nixpkgs": "nixpkgs",
        "nixpkgs-master": "nixpkgs-master",
        "secrets": "secrets",
        "skye-config": "skye-config",
        "system-common": "system-common"
      }
    },
    "secrets": {
      "flake": false,
      "locked": {
        "lastModified": 1689036346,
        "narHash": "sha256-3Q2G6s8+NHkdCBOJKg1Xk+18wP/O0lI7BYi6PyYokqo=",
        "ref": "refs/heads/main",
        "rev": "80e464435b0ecfd42c4a67d96ead9f77ce7b9248",
        "revCount": 1,
        "type": "git",
        "url": "file:///home/skye/secrets/"
      },
      "original": {
        "type": "git",
        "url": "file:///home/skye/secrets/"
      }
    },
    "skye-config": {
      "inputs": {
        "nix-vscode-extensions": "nix-vscode-extensions",
        "nixpkgs": [
          "nixpkgs"
        ]
      },
      "locked": {
        "lastModified": 1720334794,
        "narHash": "sha256-XvZ2UjxcwJYs93MKPmYYXTljUxV9+qVs2a3rPxqhhsM=",
        "path": "/home/skye/.config/nixpkgs",
        "type": "path"
      },
      "original": {
        "path": "/home/skye/.config/nixpkgs",
        "type": "path"
      }
    },
    "system-common": {
      "locked": {
        "lastModified": 1738692994,
        "narHash": "sha256-Jb+zAKSQrmjmtUwIDwp9ImdqhOny6z4Wiu9Xk+ANEJE=",
        "ref": "refs/heads/main",
        "rev": "882f283dc81386e482188598eb77c8420ff8697d",
        "revCount": 19,
        "type": "git",
        "url": "ssh://forgejo@git.mildlyfunctional.gay/mildlyfunctionalgays/system-common"
      },
      "original": {
        "type": "git",
        "url": "ssh://forgejo@git.mildlyfunctional.gay/mildlyfunctionalgays/system-common"
      }
    },
    "systems": {
      "locked": {
        "lastModified": 1681028828,
        "narHash": "sha256-Vy1rq5AaRuLzOxct8nz4T6wlgyUR7zLU309k9mBC768=",
        "owner": "nix-systems",
        "repo": "default",
        "rev": "da67096a3b9bf56a91d16901293e51ba5b49a27e",
        "type": "github"
      },
      "original": {
        "owner": "nix-systems",
        "repo": "default",
        "type": "github"
      }
    },
    "systems_2": {
      "locked": {
        "lastModified": 1681028828,
        "narHash": "sha256-Vy1rq5AaRuLzOxct8nz4T6wlgyUR7zLU309k9mBC768=",
        "owner": "nix-systems",
        "repo": "default",
        "rev": "da67096a3b9bf56a91d16901293e51ba5b49a27e",
        "type": "github"
      },
      "original": {
        "owner": "nix-systems",
        "repo": "default",
        "type": "github"
      }
    }
  },
  "root": "root",
  "version": 7
}
