{
  "nodes": {
    "nixpkgs": {
      "locked": {
        "lastModified": 1691654369,
        "narHash": "sha256-gSILTEx1jRaJjwZxRlnu3ZwMn1FVNk80qlwiCX8kmpo=",
        "owner": "NixOS",
        "repo": "nixpkgs",
        "rev": "ce5e4a6ef2e59d89a971bc434ca8ca222b9c7f5e",
        "type": "github"
      },
      "original": {
        "owner": "NixOS",
        "ref": "nixos-unstable",
        "repo": "nixpkgs",
        "type": "github"
      }
    },
    "root": {
      "inputs": {
        "nixpkgs": "nixpkgs",
        "secrets": "secrets",
        "skye-config": "skye-config",
        "system-common": "system-common"
      }
    },
    "secrets": {
      "flake": false,
      "locked": {
        "lastModified": 1689036346,
        "narHash": "sha256-3Q2G6s8+NHkdCBOJKg1Xk+18wP/O0lI7BYi6PyYokqo=",
        "ref": "refs/heads/main",
        "rev": "80e464435b0ecfd42c4a67d96ead9f77ce7b9248",
        "revCount": 1,
        "type": "git",
        "url": "file:///home/skye/secrets/"
      },
      "original": {
        "type": "git",
        "url": "file:///home/skye/secrets/"
      }
    },
    "skye-config": {
      "flake": false,
      "locked": {
        "lastModified": 1687105829,
        "narHash": "sha256-C1eemeCIkvyLdMw9cZRPfwU50WhV2MgWPoGCewe2uVg=",
        "path": "/home/skye/.config/nixpkgs",
        "type": "path"
      },
      "original": {
        "path": "/home/skye/.config/nixpkgs",
        "type": "path"
      }
    },
    "system-common": {
      "flake": false,
      "locked": {
        "lastModified": 1626631987,
        "narHash": "sha256-QaKjNZ1d0ZAxwQ2T0/mpGV7KGr6lTJ2ojnlxEopXdNo=",
        "ref": "refs/heads/main",
        "rev": "d873acd3e73a52504a7f6d25f7bf790ad272cf83",
        "revCount": 4,
        "type": "git",
        "url": "ssh://git@github.com/mildlyfunctionalgays/system-common"
      },
      "original": {
        "type": "git",
        "url": "ssh://git@github.com/mildlyfunctionalgays/system-common"
      }
    }
  },
  "root": "root",
  "version": 7
}
